
Microsoft Visual Studio Solution File, Format Version 12.00
# Visual Studio Version 17
VisualStudioVersion = 17.2.32519.379
MinimumVisualStudioVersion = 10.0.40219.1
Project("{FAE04EC0-301F-11D3-BF4B-00C04F79EFBC}") = "CabInvoiceGenerator", "CabInvoiceGenerator.csproj", "{3BAB55AC-FA91-46FA-B496-F4901355BBC3}"
EndProject
Project("{FAE04EC0-301F-11D3-BF4B-00C04F79EFBC}") = "CabInvoiceGeneratorTesting", "..\Testing\CabInvoiceGeneratorTesting.csproj", "{D0A75E72-EEF3-45F1-930B-2019AFBB863B}"
EndProject
Global
	GlobalSection(SolutionConfigurationPlatforms) = preSolution
		Debug|Any CPU = Debug|Any CPU
		Release|Any CPU = Release|Any CPU
	EndGlobalSection
	GlobalSection(ProjectConfigurationPlatforms) = postSolution
		{3BAB55AC-FA91-46FA-B496-F4901355BBC3}.Debug|Any CPU.ActiveCfg = Debug|Any CPU
		{3BAB55AC-FA91-46FA-B496-F4901355BBC3}.Debug|Any CPU.Build.0 = Debug|Any CPU
		{3BAB55AC-FA91-46FA-B496-F4901355BBC3}.Release|Any CPU.ActiveCfg = Release|Any CPU
		{3BAB55AC-FA91-46FA-B496-F4901355BBC3}.Release|Any CPU.Build.0 = Release|Any CPU
		{D0A75E72-EEF3-45F1-930B-2019AFBB863B}.Debug|Any CPU.ActiveCfg = Debug|Any CPU
		{D0A75E72-EEF3-45F1-930B-2019AFBB863B}.Debug|Any CPU.Build.0 = Debug|Any CPU
		{D0A75E72-EEF3-45F1-930B-2019AFBB863B}.Release|Any CPU.ActiveCfg = Release|Any CPU
		{D0A75E72-EEF3-45F1-930B-2019AFBB863B}.Release|Any CPU.Build.0 = Release|Any CPU
	EndGlobalSection
	GlobalSection(SolutionProperties) = preSolution
		HideSolutionNode = FALSE
	EndGlobalSection
	GlobalSection(ExtensibilityGlobals) = postSolution
		SolutionGuid = {78BF8463-8E99-4F6D-8EE9-ECFB02FF9552}
	EndGlobalSection
EndGlobal
